PODS:
  - Flutter (1.0.0)
  - libphonenumber_plugin (0.0.1):
    - Flutter
    - PhoneNumberKit
  - path_provider_foundation (0.0.1):
    - Flutter
    - FlutterMacOS
  - PhoneNumberKit (3.7.6):
    - PhoneNumberKit/PhoneNumberKitCore (= 3.7.6)
    - PhoneNumberKit/UIKit (= 3.7.6)
  - PhoneNumberKit/PhoneNumberKitCore (3.7.6)
  - PhoneNumberKit/UIKit (3.7.6):
    - PhoneNumberKit/PhoneNumberKitCore
  - url_launcher_ios (0.0.1):
    - Flutter
  - video_player_avfoundation (0.0.1):
    - Flutter
    - FlutterMacOS
  - wakelock (0.0.1):
    - Flutter
  - webview_flutter_wkwebview (0.0.1):
    - Flutter

DEPENDENCIES:
  - Flutter (from `Flutter`)
  - libphonenumber_plugin (from `.symlinks/plugins/libphonenumber_plugin/ios`)
  - path_provider_foundation (from `.symlinks/plugins/path_provider_foundation/darwin`)
  - url_launcher_ios (from `.symlinks/plugins/url_launcher_ios/ios`)
  - video_player_avfoundation (from `.symlinks/plugins/video_player_avfoundation/darwin`)
  - wakelock (from `.symlinks/plugins/wakelock/ios`)
  - webview_flutter_wkwebview (from `.symlinks/plugins/webview_flutter_wkwebview/ios`)

SPEC REPOS:
  trunk:
    - PhoneNumberKit

EXTERNAL SOURCES:
  Flutter:
    :path: Flutter
  libphonenumber_plugin:
    :path: ".symlinks/plugins/libphonenumber_plugin/ios"
  path_provider_foundation:
    :path: ".symlinks/plugins/path_provider_foundation/darwin"
  url_launcher_ios:
    :path: ".symlinks/plugins/url_launcher_ios/ios"
  video_player_avfoundation:
    :path: ".symlinks/plugins/video_player_avfoundation/darwin"
  wakelock:
    :path: ".symlinks/plugins/wakelock/ios"
  webview_flutter_wkwebview:
    :path: ".symlinks/plugins/webview_flutter_wkwebview/ios"

SPEC CHECKSUMS:
  Flutter: e0871f40cf51350855a761d2e70bf5af5b9b5de7
  libphonenumber_plugin: 48bf4078546377eedaab4aa54978cd0f6fa23072
  path_provider_foundation: 3784922295ac71e43754bd15e0653ccfd36a147c
  PhoneNumberKit: 3c68a822bad955ffcefc72a52df72b6596498555
  url_launcher_ios: bbd758c6e7f9fd7b5b1d4cde34d2b95fcce5e812
  video_player_avfoundation: 02011213dab73ae3687df27ce441fbbcc82b5579
  wakelock: d0fc7c864128eac40eba1617cb5264d9c940b46f
  webview_flutter_wkwebview: b7e70ef1ddded7e69c796c7390ee74180182971f

PODFILE CHECKSUM: 819463e6a0290f5a72f145ba7cde16e8b6ef0796

COCOAPODS: 1.14.3
